// !$*UTF8*$!
{
	archiveVersion = 1;
	classes = {
	};
	objectVersion = 56;
	objects = {

/* Begin PBXBuildFile section */
		CF0054152A705B4800BEDB5F /* MainAlert+Extension.swift in Sources */ = {isa = PBXBuildFile; fileRef = CF0054142A705B4800BEDB5F /* MainAlert+Extension.swift */; };
		CF0054172A705E1C00BEDB5F /* AddAlert+Extension.swift in Sources */ = {isa = PBXBuildFile; fileRef = CF0054162A705E1C00BEDB5F /* AddAlert+Extension.swift */; };
		CFE7413E2A6F16EC004B471C /* AppDelegate.swift in Sources */ = {isa = PBXBuildFile; fileRef = CFE7413D2A6F16EC004B471C /* AppDelegate.swift */; };
		CFE741402A6F16EC004B471C /* SceneDelegate.swift in Sources */ = {isa = PBXBuildFile; fileRef = CFE7413F2A6F16EC004B471C /* SceneDelegate.swift */; };
		CFE741422A6F16EC004B471C /* MainViewController.swift in Sources */ = {isa = PBXBuildFile; fileRef = CFE741412A6F16EC004B471C /* MainViewController.swift */; };
		CFE741452A6F16EC004B471C /* Main.storyboard in Resources */ = {isa = PBXBuildFile; fileRef = CFE741432A6F16EC004B471C /* Main.storyboard */; };
		CFE741482A6F16EC004B471C /* CoreDataExample.xcdatamodeld in Sources */ = {isa = PBXBuildFile; fileRef = CFE741462A6F16EC004B471C /* CoreDataExample.xcdatamodeld */; };
		CFE7414A2A6F16ED004B471C /* Assets.xcassets in Resources */ = {isa = PBXBuildFile; fileRef = CFE741492A6F16ED004B471C /* Assets.xcassets */; };
		CFE7414D2A6F16ED004B471C /* LaunchScreen.storyboard in Resources */ = {isa = PBXBuildFile; fileRef = CFE7414B2A6F16ED004B471C /* LaunchScreen.storyboard */; };
		CFE741552A6F1723004B471C /* AddViewController.swift in Sources */ = {isa = PBXBuildFile; fileRef = CFE741542A6F1723004B471C /* AddViewController.swift */; };
		CFE741572A6F17BC004B471C /* MainTableViewCell.swift in Sources */ = {isa = PBXBuildFile; fileRef = CFE741562A6F17BC004B471C /* MainTableViewCell.swift */; };
		CFE741592A6F1805004B471C /* VeriDepo.swift in Sources */ = {isa = PBXBuildFile; fileRef = CFE741582A6F1805004B471C /* VeriDepo.swift */; };
/* End PBXBuildFile section */

/* Begin PBXFileReference section */
		CF0054142A705B4800BEDB5F /* MainAlert+Extension.swift */ = {isa = PBXFileReference; lastKnownFileType = sourcecode.swift; path = "MainAlert+Extension.swift"; sourceTree = "<group>"; };
		CF0054162A705E1C00BEDB5F /* AddAlert+Extension.swift */ = {isa = PBXFileReference; lastKnownFileType = sourcecode.swift; path = "AddAlert+Extension.swift"; sourceTree = "<group>"; };
		CFE7413A2A6F16EC004B471C /* CoreDataExample.app */ = {isa = PBXFileReference; explicitFileType = wrapper.application; includeInIndex = 0; path = CoreDataExample.app; sourceTree = BUILT_PRODUCTS_DIR; };
		CFE7413D2A6F16EC004B471C /* AppDelegate.swift */ = {isa = PBXFileReference; lastKnownFileType = sourcecode.swift; path = AppDelegate.swift; sourceTree = "<group>"; };
		CFE7413F2A6F16EC004B471C /* SceneDelegate.swift */ = {isa = PBXFileReference; lastKnownFileType = sourcecode.swift; path = SceneDelegate.swift; sourceTree = "<group>"; };
		CFE741412A6F16EC004B471C /* MainViewController.swift */ = {isa = PBXFileReference; lastKnownFileType = sourcecode.swift; path = MainViewController.swift; sourceTree = "<group>"; };
		CFE741442A6F16EC004B471C /* Base */ = {isa = PBXFileReference; lastKnownFileType = file.storyboard; name = Base; path = Base.lproj/Main.storyboard; sourceTree = "<group>"; };
		CFE741472A6F16EC004B471C /* CoreDataExample.xcdatamodel */ = {isa = PBXFileReference; lastKnownFileType = wrapper.xcdatamodel; path = CoreDataExample.xcdatamodel; sourceTree = "<group>"; };
		CFE741492A6F16ED004B471C /* Assets.xcassets */ = {isa = PBXFileReference; lastKnownFileType = folder.assetcatalog; path = Assets.xcassets; sourceTree = "<group>"; };
		CFE7414C2A6F16ED004B471C /* Base */ = {isa = PBXFileReference; lastKnownFileType = file.storyboard; name = Base; path = Base.lproj/LaunchScreen.storyboard; sourceTree = "<group>"; };
		CFE7414E2A6F16ED004B471C /* Info.plist */ = {isa = PBXFileReference; lastKnownFileType = text.plist.xml; path = Info.plist; sourceTree = "<group>"; };
		CFE741542A6F1723004B471C /* AddViewController.swift */ = {isa = PBXFileReference; lastKnownFileType = sourcecode.swift; path = AddViewController.swift; sourceTree = "<group>"; };
		CFE741562A6F17BC004B471C /* MainTableViewCell.swift */ = {isa = PBXFileReference; lastKnownFileType = sourcecode.swift; path = MainTableViewCell.swift; sourceTree = "<group>"; };
		CFE741582A6F1805004B471C /* VeriDepo.swift */ = {isa = PBXFileReference; lastKnownFileType = sourcecode.swift; path = VeriDepo.swift; sourceTree = "<group>"; };
/* End PBXFileReference section */

/* Begin PBXFrameworksBuildPhase section */
		CFE741372A6F16EC004B471C /* Frameworks */ = {
			isa = PBXFrameworksBuildPhase;
			buildActionMask = 2147483647;
			files = (
			);
			runOnlyForDeploymentPostprocessing = 0;
		};
/* End PBXFrameworksBuildPhase section */

/* Begin PBXGroup section */
		CF0054112A705A0400BEDB5F /* Extensions */ = {
			isa = PBXGroup;
			children = (
				CF0054142A705B4800BEDB5F /* MainAlert+Extension.swift */,
				CF0054162A705E1C00BEDB5F /* AddAlert+Extension.swift */,
			);
			path = Extensions;
			sourceTree = "<group>";
		};
		CF9C6C712A6F1AD500D02AB5 /* App */ = {
			isa = PBXGroup;
			children = (
				CFE7413D2A6F16EC004B471C /* AppDelegate.swift */,
				CFE7413F2A6F16EC004B471C /* SceneDelegate.swift */,
			);
			path = App;
			sourceTree = "<group>";
		};
		CFE741312A6F16EC004B471C = {
			isa = PBXGroup;
			children = (
				CF0054112A705A0400BEDB5F /* Extensions */,
				CF9C6C712A6F1AD500D02AB5 /* App */,
				CFE7413C2A6F16EC004B471C /* CoreDataExample */,
				CFE7413B2A6F16EC004B471C /* Products */,
			);
			sourceTree = "<group>";
		};
		CFE7413B2A6F16EC004B471C /* Products */ = {
			isa = PBXGroup;
			children = (
				CFE7413A2A6F16EC004B471C /* CoreDataExample.app */,
			);
			name = Products;
			sourceTree = "<group>";
		};
		CFE7413C2A6F16EC004B471C /* CoreDataExample */ = {
			isa = PBXGroup;
			children = (
				CFE741412A6F16EC004B471C /* MainViewController.swift */,
				CFE741542A6F1723004B471C /* AddViewController.swift */,
				CFE741562A6F17BC004B471C /* MainTableViewCell.swift */,
				CFE741582A6F1805004B471C /* VeriDepo.swift */,
				CFE741432A6F16EC004B471C /* Main.storyboard */,
				CFE741492A6F16ED004B471C /* Assets.xcassets */,
				CFE7414B2A6F16ED004B471C /* LaunchScreen.storyboard */,
				CFE7414E2A6F16ED004B471C /* Info.plist */,
				CFE741462A6F16EC004B471C /* CoreDataExample.xcdatamodeld */,
			);
			path = CoreDataExample;
			sourceTree = "<group>";
		};
/* End PBXGroup section */

/* Begin PBXNativeTarget section */
		CFE741392A6F16EC004B471C /* CoreDataExample */ = {
			isa = PBXNativeTarget;
			buildConfigurationList = CFE741512A6F16ED004B471C /* Build configuration list for PBXNativeTarget "CoreDataExample" */;
			buildPhases = (
				CFE741362A6F16EC004B471C /* Sources */,
				CFE741372A6F16EC004B471C /* Frameworks */,
				CFE741382A6F16EC004B471C /* Resources */,
			);
			buildRules = (
			);
			dependencies = (
			);
			name = CoreDataExample;
			productName = CoreDataExample;
			productReference = CFE7413A2A6F16EC004B471C /* CoreDataExample.app */;
			productType = "com.apple.product-type.application";
		};
/* End PBXNativeTarget section */

/* Begin PBXProject section */
		CFE741322A6F16EC004B471C /* Project object */ = {
			isa = PBXProject;
			attributes = {
				BuildIndependentTargetsInParallel = 1;
				LastSwiftUpdateCheck = 1430;
				LastUpgradeCheck = 1430;
				TargetAttributes = {
					CFE741392A6F16EC004B471C = {
						CreatedOnToolsVersion = 14.3.1;
					};
				};
			};
			buildConfigurationList = CFE741352A6F16EC004B471C /* Build configuration list for PBXProject "CoreDataExample" */;
			compatibilityVersion = "Xcode 14.0";
			developmentRegion = en;
			hasScannedForEncodings = 0;
			knownRegions = (
				en,
				Base,
			);
			mainGroup = CFE741312A6F16EC004B471C;
			productRefGroup = CFE7413B2A6F16EC004B471C /* Products */;
			projectDirPath = "";
			projectRoot = "";
			targets = (
				CFE741392A6F16EC004B471C /* CoreDataExample */,
			);
		};
/* End PBXProject section */

/* Begin PBXResourcesBuildPhase section */
		CFE741382A6F16EC004B471C /* Resources */ = {
			isa = PBXResourcesBuildPhase;
			buildActionMask = 2147483647;
			files = (
				CFE7414D2A6F16ED004B471C /* LaunchScreen.storyboard in Resources */,
				CFE7414A2A6F16ED004B471C /* Assets.xcassets in Resources */,
				CFE741452A6F16EC004B471C /* Main.storyboard in Resources */,
			);
			runOnlyForDeploymentPostprocessing = 0;
		};
/* End PBXResourcesBuildPhase section */

/* Begin PBXSourcesBuildPhase section */
		CFE741362A6F16EC004B471C /* Sources */ = {
			isa = PBXSourcesBuildPhase;
			buildActionMask = 2147483647;
			files = (
				CF0054152A705B4800BEDB5F /* MainAlert+Extension.swift in Sources */,
				CFE741552A6F1723004B471C /* AddViewController.swift in Sources */,
				CFE741422A6F16EC004B471C /* MainViewController.swift in Sources */,
				CFE7413E2A6F16EC004B471C /* AppDelegate.swift in Sources */,
				CFE741402A6F16EC004B471C /* SceneDelegate.swift in Sources */,
				CFE741572A6F17BC004B471C /* MainTableViewCell.swift in Sources */,
				CF0054172A705E1C00BEDB5F /* AddAlert+Extension.swift in Sources */,
				CFE741482A6F16EC004B471C /* CoreDataExample.xcdatamodeld in Sources */,
				CFE741592A6F1805004B471C /* VeriDepo.swift in Sources */,
			);
			runOnlyForDeploymentPostprocessing = 0;
		};
/* End PBXSourcesBuildPhase section */

/* Begin PBXVariantGroup section */
		CFE741432A6F16EC004B471C /* Main.storyboard */ = {
			isa = PBXVariantGroup;
			children = (
				CFE741442A6F16EC004B471C /* Base */,
			);
			name = Main.storyboard;
			sourceTree = "<group>";
		};
		CFE7414B2A6F16ED004B471C /* LaunchScreen.storyboard */ = {
			isa = PBXVariantGroup;
			children = (
				CFE7414C2A6F16ED004B471C /* Base */,
			);
			name = LaunchScreen.storyboard;
			sourceTree = "<group>";
		};
/* End PBXVariantGroup section */

/* Begin XCBuildConfiguration section */
		CFE7414F2A6F16ED004B471C /* Debug */ = {
			isa = XCBuildConfiguration;
			buildSettings = {
				ALWAYS_SEARCH_USER_PATHS = NO;
				CLANG_ANALYZER_NONNULL = YES;
				CLANG_ANALYZER_NUMBER_OBJECT_CONVERSION = YES_AGGRESSIVE;
				CLANG_CXX_LANGUAGE_STANDARD = "gnu++20";
				CLANG_ENABLE_MODULES = YES;
				CLANG_ENABLE_OBJC_ARC = YES;
				CLANG_ENABLE_OBJC_WEAK = YES;
				CLANG_WARN_BLOCK_CAPTURE_AUTORELEASING = YES;
				CLANG_WARN_BOOL_CONVERSION = YES;
				CLANG_WARN_COMMA = YES;
				CLANG_WARN_CONSTANT_CONVERSION = YES;
				CLANG_WARN_DEPRECATED_OBJC_IMPLEMENTATIONS = YES;
				CLANG_WARN_DIRECT_OBJC_ISA_USAGE = YES_ERROR;
				CLANG_WARN_DOCUMENTATION_COMMENTS = YES;
				CLANG_WARN_EMPTY_BODY = YES;
				CLANG_WARN_ENUM_CONVERSION = YES;
				CLANG_WARN_INFINITE_RECURSION = YES;
				CLANG_WARN_INT_CONVERSION = YES;
				CLANG_WARN_NON_LITERAL_NULL_CONVERSION = YES;
				CLANG_WARN_OBJC_IMPLICIT_RETAIN_SELF = YES;
				CLANG_WARN_OBJC_LITERAL_CONVERSION = YES;
				CLANG_WARN_OBJC_ROOT_CLASS = YES_ERROR;
				CLANG_WARN_QUOTED_INCLUDE_IN_FRAMEWORK_HEADER = YES;
				CLANG_WARN_RANGE_LOOP_ANALYSIS = YES;
				CLANG_WARN_STRICT_PROTOTYPES = YES;
				CLANG_WARN_SUSPICIOUS_MOVE = YES;
				CLANG_WARN_UNGUARDED_AVAILABILITY = YES_AGGRESSIVE;
				CLANG_WARN_UNREACHABLE_CODE = YES;
				CLANG_WARN__DUPLICATE_METHOD_MATCH = YES;
				COPY_PHASE_STRIP = NO;
				DEBUG_INFORMATION_FORMAT = dwarf;
				ENABLE_STRICT_OBJC_MSGSEND = YES;
				ENABLE_TESTABILITY = YES;
				GCC_C_LANGUAGE_STANDARD = gnu11;
				GCC_DYNAMIC_NO_PIC = NO;
				GCC_NO_COMMON_BLOCKS = YES;
				GCC_OPTIMIZATION_LEVEL = 0;
				GCC_PREPROCESSOR_DEFINITIONS = (
					"DEBUG=1",
					"$(inherited)",
				);
				GCC_WARN_64_TO_32_BIT_CONVERSION = YES;
				GCC_WARN_ABOUT_RETURN_TYPE = YES_ERROR;
				GCC_WARN_UNDECLARED_SELECTOR = YES;
				GCC_WARN_UNINITIALIZED_AUTOS = YES_AGGRESSIVE;
				GCC_WARN_UNUSED_FUNCTION = YES;
				GCC_WARN_UNUSED_VARIABLE = YES;
				IPHONEOS_DEPLOYMENT_TARGET = 16.4;
				MTL_ENABLE_DEBUG_INFO = INCLUDE_SOURCE;
				MTL_FAST_MATH = YES;
				ONLY_ACTIVE_ARCH = YES;
				SDKROOT = iphoneos;
				SWIFT_ACTIVE_COMPILATION_CONDITIONS = DEBUG;
				SWIFT_OPTIMIZATION_LEVEL = "-Onone";
			};
			name = Debug;
		};
		CFE741502A6F16ED004B471C /* Release */ = {
			isa = XCBuildConfiguration;
			buildSettings = {
				ALWAYS_SEARCH_USER_PATHS = NO;
				CLANG_ANALYZER_NONNULL = YES;
				CLANG_ANALYZER_NUMBER_OBJECT_CONVERSION = YES_AGGRESSIVE;
				CLANG_CXX_LANGUAGE_STANDARD = "gnu++20";
				CLANG_ENABLE_MODULES = YES;
				CLANG_ENABLE_OBJC_ARC = YES;
				CLANG_ENABLE_OBJC_WEAK = YES;
				CLANG_WARN_BLOCK_CAPTURE_AUTORELEASING = YES;
				CLANG_WARN_BOOL_CONVERSION = YES;
				CLANG_WARN_COMMA = YES;
				CLANG_WARN_CONSTANT_CONVERSION = YES;
				CLANG_WARN_DEPRECATED_OBJC_IMPLEMENTATIONS = YES;
				CLANG_WARN_DIRECT_OBJC_ISA_USAGE = YES_ERROR;
				CLANG_WARN_DOCUMENTATION_COMMENTS = YES;
				CLANG_WARN_EMPTY_BODY = YES;
				CLANG_WARN_ENUM_CONVERSION = YES;
				CLANG_WARN_INFINITE_RECURSION = YES;
				CLANG_WARN_INT_CONVERSION = YES;
				CLANG_WARN_NON_LITERAL_NULL_CONVERSION = YES;
				CLANG_WARN_OBJC_IMPLICIT_RETAIN_SELF = YES;
				CLANG_WARN_OBJC_LITERAL_CONVERSION = YES;
				CLANG_WARN_OBJC_ROOT_CLASS = YES_ERROR;
				CLANG_WARN_QUOTED_INCLUDE_IN_FRAMEWORK_HEADER = YES;
				CLANG_WARN_RANGE_LOOP_ANALYSIS = YES;
				CLANG_WARN_STRICT_PROTOTYPES = YES;
				CLANG_WARN_SUSPICIOUS_MOVE = YES;
				CLANG_WARN_UNGUARDED_AVAILABILITY = YES_AGGRESSIVE;
				CLANG_WARN_UNREACHABLE_CODE = YES;
				CLANG_WARN__DUPLICATE_METHOD_MATCH = YES;
				COPY_PHASE_STRIP = NO;
				DEBUG_INFORMATION_FORMAT = "dwarf-with-dsym";
				ENABLE_NS_ASSERTIONS = NO;
				ENABLE_STRICT_OBJC_MSGSEND = YES;
				GCC_C_LANGUAGE_STANDARD = gnu11;
				GCC_NO_COMMON_BLOCKS = YES;
				GCC_WARN_64_TO_32_BIT_CONVERSION = YES;
				GCC_WARN_ABOUT_RETURN_TYPE = YES_ERROR;
				GCC_WARN_UNDECLARED_SELECTOR = YES;
				GCC_WARN_UNINITIALIZED_AUTOS = YES_AGGRESSIVE;
				GCC_WARN_UNUSED_FUNCTION = YES;
				GCC_WARN_UNUSED_VARIABLE = YES;
				IPHONEOS_DEPLOYMENT_TARGET = 16.4;
				MTL_ENABLE_DEBUG_INFO = NO;
				MTL_FAST_MATH = YES;
				SDKROOT = iphoneos;
				SWIFT_COMPILATION_MODE = wholemodule;
				SWIFT_OPTIMIZATION_LEVEL = "-O";
				VALIDATE_PRODUCT = YES;
			};
			name = Release;
		};
		CFE741522A6F16ED004B471C /* Debug */ = {
			isa = XCBuildConfiguration;
			buildSettings = {
				ASSETCATALOG_COMPILER_APPICON_NAME = AppIcon;
				ASSETCATALOG_COMPILER_GLOBAL_ACCENT_COLOR_NAME = AccentColor;
				CODE_SIGN_STYLE = Automatic;
				CURRENT_PROJECT_VERSION = 1;
				DEVELOPMENT_TEAM = 3Y4C888F3L;
				GENERATE_INFOPLIST_FILE = YES;
				INFOPLIST_FILE = CoreDataExample/Info.plist;
				INFOPLIST_KEY_UIApplicationSupportsIndirectInputEvents = YES;
				INFOPLIST_KEY_UILaunchStoryboardName = LaunchScreen;
				INFOPLIST_KEY_UIMainStoryboardFile = Main;
				INFOPLIST_KEY_UISupportedInterfaceOrientations_iPad = "UIInterfaceOrientationPortrait UIInterfaceOrientationPortraitUpsideDown UIInterfaceOrientationLandscapeLeft UIInterfaceOrientationLandscapeRight";
				INFOPLIST_KEY_UISupportedInterfaceOrientations_iPhone = "UIInterfaceOrientationPortrait UIInterfaceOrientationLandscapeLeft UIInterfaceOrientationLandscapeRight";
				LD_RUNPATH_SEARCH_PATHS = (
					"$(inherited)",
					"@executable_path/Frameworks",
				);
				MARKETING_VERSION = 1.0;
				PRODUCT_BUNDLE_IDENTIFIER = com.kursatakyurek.CoreDataExample;
				PRODUCT_NAME = "$(TARGET_NAME)";
				SWIFT_EMIT_LOC_STRINGS = YES;
				SWIFT_VERSION = 5.0;
				TARGETED_DEVICE_FAMILY = "1,2";
			};
			name = Debug;
		};
		CFE741532A6F16ED004B471C /* Release */ = {
			isa = XCBuildConfiguration;
			buildSettings = {
				ASSETCATALOG_COMPILER_APPICON_NAME = AppIcon;
				ASSETCATALOG_COMPILER_GLOBAL_ACCENT_COLOR_NAME = AccentColor;
				CODE_SIGN_STYLE = Automatic;
				CURRENT_PROJECT_VERSION = 1;
				DEVELOPMENT_TEAM = 3Y4C888F3L;
				GENERATE_INFOPLIST_FILE = YES;
				INFOPLIST_FILE = CoreDataExample/Info.plist;
				INFOPLIST_KEY_UIApplicationSupportsIndirectInputEvents = YES;
				INFOPLIST_KEY_UILaunchStoryboardName = LaunchScreen;
				INFOPLIST_KEY_UIMainStoryboardFile = Main;
				INFOPLIST_KEY_UISupportedInterfaceOrientations_iPad = "UIInterfaceOrientationPortrait UIInterfaceOrientationPortraitUpsideDown UIInterfaceOrientationLandscapeLeft UIInterfaceOrientationLandscapeRight";
				INFOPLIST_KEY_UISupportedInterfaceOrientations_iPhone = "UIInterfaceOrientationPortrait UIInterfaceOrientationLandscapeLeft UIInterfaceOrientationLandscapeRight";
				LD_RUNPATH_SEARCH_PATHS = (
					"$(inherited)",
					"@executable_path/Frameworks",
				);
				MARKETING_VERSION = 1.0;
				PRODUCT_BUNDLE_IDENTIFIER = com.kursatakyurek.CoreDataExample;
				PRODUCT_NAME = "$(TARGET_NAME)";
				SWIFT_EMIT_LOC_STRINGS = YES;
				SWIFT_VERSION = 5.0;
				TARGETED_DEVICE_FAMILY = "1,2";
			};
			name = Release;
		};
/* End XCBuildConfiguration section */

/* Begin XCConfigurationList section */
		CFE741352A6F16EC004B471C /* Build configuration list for PBXProject "CoreDataExample" */ = {
			isa = XCConfigurationList;
			buildConfigurations = (
				CFE7414F2A6F16ED004B471C /* Debug */,
				CFE741502A6F16ED004B471C /* Release */,
			);
			defaultConfigurationIsVisible = 0;
			defaultConfigurationName = Release;
		};
		CFE741512A6F16ED004B471C /* Build configuration list for PBXNativeTarget "CoreDataExample" */ = {
			isa = XCConfigurationList;
			buildConfigurations = (
				CFE741522A6F16ED004B471C /* Debug */,
				CFE741532A6F16ED004B471C /* Release */,
			);
			defaultConfigurationIsVisible = 0;
			defaultConfigurationName = Release;
		};
/* End XCConfigurationList section */

/* Begin XCVersionGroup section */
		CFE741462A6F16EC004B471C /* CoreDataExample.xcdatamodeld */ = {
			isa = XCVersionGroup;
			children = (
				CFE741472A6F16EC004B471C /* CoreDataExample.xcdatamodel */,
			);
			currentVersion = CFE741472A6F16EC004B471C /* CoreDataExample.xcdatamodel */;
			path = CoreDataExample.xcdatamodeld;
			sourceTree = "<group>";
			versionGroupType = wrapper.xcdatamodel;
		};
/* End XCVersionGroup section */
	};
	rootObject = CFE741322A6F16EC004B471C /* Project object */;
}
